
Microsoft Visual Studio Solution File, Format Version 12.00
# Visual Studio Version 16
VisualStudioVersion = 16.0.29920.165
MinimumVisualStudioVersion = 10.0.40219.1
Project("{FAE04EC0-301F-11D3-BF4B-00C04F79EFBC}") = "CoreKatmanliMimari.core", "CoreKatmanliMimari.core\CoreKatmanliMimari.core.csproj", "{32C26E5E-2ECB-4BD1-ABC9-0E151068B6D4}"
EndProject
Project("{FAE04EC0-301F-11D3-BF4B-00C04F79EFBC}") = "CoreKatmanliMimari.Entitiy", "CoreKatmanliMimari.Entitiy\CoreKatmanliMimari.Entitiy.csproj", "{10B8490E-015A-4AAD-B69F-021DAD6C072C}"
EndProject
Project("{FAE04EC0-301F-11D3-BF4B-00C04F79EFBC}") = "CoreKatmanliMimari.DataAccess", "CoreKatmanliMimari.DataAccess\CoreKatmanliMimari.DataAccess.csproj", "{96CCB15D-2E06-4426-AE3C-BD41B1CFD3FC}"
EndProject
Project("{FAE04EC0-301F-11D3-BF4B-00C04F79EFBC}") = "CoreKatmanliMimari.Business", "CoreKatmanliMimari.Business\CoreKatmanliMimari.Business.csproj", "{636D612E-0CDD-4589-9BB0-D1AD63600E06}"
EndProject
Project("{FAE04EC0-301F-11D3-BF4B-00C04F79EFBC}") = "CoreKatmanliMimari.WEBUI", "CoreKatmanliMimari.WEBUI\CoreKatmanliMimari.WEBUI.csproj", "{797AC348-CEE1-4B6C-81AB-55F7E2697697}"
EndProject
Global
	GlobalSection(SolutionConfigurationPlatforms) = preSolution
		Debug|Any CPU = Debug|Any CPU
		Release|Any CPU = Release|Any CPU
	EndGlobalSection
	GlobalSection(ProjectConfigurationPlatforms) = postSolution
		{32C26E5E-2ECB-4BD1-ABC9-0E151068B6D4}.Debug|Any CPU.ActiveCfg = Debug|Any CPU
		{32C26E5E-2ECB-4BD1-ABC9-0E151068B6D4}.Debug|Any CPU.Build.0 = Debug|Any CPU
		{32C26E5E-2ECB-4BD1-ABC9-0E151068B6D4}.Release|Any CPU.ActiveCfg = Release|Any CPU
		{32C26E5E-2ECB-4BD1-ABC9-0E151068B6D4}.Release|Any CPU.Build.0 = Release|Any CPU
		{10B8490E-015A-4AAD-B69F-021DAD6C072C}.Debug|Any CPU.ActiveCfg = Debug|Any CPU
		{10B8490E-015A-4AAD-B69F-021DAD6C072C}.Debug|Any CPU.Build.0 = Debug|Any CPU
		{10B8490E-015A-4AAD-B69F-021DAD6C072C}.Release|Any CPU.ActiveCfg = Release|Any CPU
		{10B8490E-015A-4AAD-B69F-021DAD6C072C}.Release|Any CPU.Build.0 = Release|Any CPU
		{96CCB15D-2E06-4426-AE3C-BD41B1CFD3FC}.Debug|Any CPU.ActiveCfg = Debug|Any CPU
		{96CCB15D-2E06-4426-AE3C-BD41B1CFD3FC}.Debug|Any CPU.Build.0 = Debug|Any CPU
		{96CCB15D-2E06-4426-AE3C-BD41B1CFD3FC}.Release|Any CPU.ActiveCfg = Release|Any CPU
		{96CCB15D-2E06-4426-AE3C-BD41B1CFD3FC}.Release|Any CPU.Build.0 = Release|Any CPU
		{636D612E-0CDD-4589-9BB0-D1AD63600E06}.Debug|Any CPU.ActiveCfg = Debug|Any CPU
		{636D612E-0CDD-4589-9BB0-D1AD63600E06}.Debug|Any CPU.Build.0 = Debug|Any CPU
		{636D612E-0CDD-4589-9BB0-D1AD63600E06}.Release|Any CPU.ActiveCfg = Release|Any CPU
		{636D612E-0CDD-4589-9BB0-D1AD63600E06}.Release|Any CPU.Build.0 = Release|Any CPU
		{797AC348-CEE1-4B6C-81AB-55F7E2697697}.Debug|Any CPU.ActiveCfg = Debug|Any CPU
		{797AC348-CEE1-4B6C-81AB-55F7E2697697}.Debug|Any CPU.Build.0 = Debug|Any CPU
		{797AC348-CEE1-4B6C-81AB-55F7E2697697}.Release|Any CPU.ActiveCfg = Release|Any CPU
		{797AC348-CEE1-4B6C-81AB-55F7E2697697}.Release|Any CPU.Build.0 = Release|Any CPU
	EndGlobalSection
	GlobalSection(SolutionProperties) = preSolution
		HideSolutionNode = FALSE
	EndGlobalSection
	GlobalSection(ExtensibilityGlobals) = postSolution
		SolutionGuid = {1C6F1F0D-803B-4A4D-9AD5-43A8B0B48F7E}
	EndGlobalSection
EndGlobal
